
Microsoft Visual Studio Solution File, Format Version 12.00
# Visual Studio Version 16
VisualStudioVersion = 16.0.29519.87
MinimumVisualStudioVersion = 10.0.40219.1
Project("{FAE04EC0-301F-11D3-BF4B-00C04F79EFBC}") = "ACT.DFAssist.Data", "ACT.DFAssist.Data.csproj", "{2FCAEBF8-974F-4AA0-A1C9-5094C7AFCD53}"
EndProject
Global
	GlobalSection(SolutionConfigurationPlatforms) = preSolution
		Debug|Any CPU = Debug|Any CPU
		Release|Any CPU = Release|Any CPU
	EndGlobalSection
	GlobalSection(ProjectConfigurationPlatforms) = postSolution
		{2FCAEBF8-974F-4AA0-A1C9-5094C7AFCD53}.Debug|Any CPU.ActiveCfg = Debug|Any CPU
		{2FCAEBF8-974F-4AA0-A1C9-5094C7AFCD53}.Debug|Any CPU.Build.0 = Debug|Any CPU
		{2FCAEBF8-974F-4AA0-A1C9-5094C7AFCD53}.Release|Any CPU.ActiveCfg = Release|Any CPU
		{2FCAEBF8-974F-4AA0-A1C9-5094C7AFCD53}.Release|Any CPU.Build.0 = Release|Any CPU
	EndGlobalSection
	GlobalSection(SolutionProperties) = preSolution
		HideSolutionNode = FALSE
	EndGlobalSection
	GlobalSection(ExtensibilityGlobals) = postSolution
		SolutionGuid = {68AB796B-E15D-49A2-907C-8EF8CC1C8153}
	EndGlobalSection
EndGlobal
